Microsoft Visual Studio Solution File, Format Version 12.00
# Visual Studio 2012
Project("{FAE04EC0-301F-11D3-BF4B-00C04F79EFBC}") = "Mordekaiser", "Mordekaiser.csproj", "{8A7D9C9A-63D2-4C79-9613-710D35125ADD}"
EndProject
Global
	GlobalSection(SolutionConfigurationPlatforms) = preSolution
	Debug|Any CPU = Debug|Any CPU
	ExportDebug|Any CPU = ExportDebug|Any CPU
	ExportRelease|Any CPU = ExportRelease|Any CPU
	EndGlobalSection
	GlobalSection(ProjectConfigurationPlatforms) = postSolution
		{8A7D9C9A-63D2-4C79-9613-710D35125ADD}.Debug|Any CPU.ActiveCfg = Debug|Any CPU
		{8A7D9C9A-63D2-4C79-9613-710D35125ADD}.Debug|Any CPU.Build.0 = Debug|Any CPU
		{8A7D9C9A-63D2-4C79-9613-710D35125ADD}.ExportDebug|Any CPU.ActiveCfg = ExportDebug|Any CPU
		{8A7D9C9A-63D2-4C79-9613-710D35125ADD}.ExportDebug|Any CPU.Build.0 = ExportDebug|Any CPU
		{8A7D9C9A-63D2-4C79-9613-710D35125ADD}.ExportRelease|Any CPU.ActiveCfg = ExportRelease|Any CPU
		{8A7D9C9A-63D2-4C79-9613-710D35125ADD}.ExportRelease|Any CPU.Build.0 = ExportRelease|Any CPU
	EndGlobalSection
EndGlobal
